
Microsoft Visual Studio Solution File, Format Version 12.00
# Visual Studio Version 17
VisualStudioVersion = 17.10.34928.147
MinimumVisualStudioVersion = 10.0.40219.1
Project("{9A19103F-16F7-4668-BE54-9A1E7A4F7556}") = "DotNetro", "DotNetro\DotNetro.csproj", "{64F920CA-2E2E-4C77-9E5D-301840A797BF}"
EndProject
Project("{2150E333-8FDC-42A3-9474-1A3956D46DE8}") = "Solution Items", "Solution Items", "{A2280EB0-64E3-4F72-8701-0F8F8B2BED7E}"
	ProjectSection(SolutionItems) = preProject
		.editorconfig = .editorconfig
		Directory.Build.props = Directory.Build.props
	EndProjectSection
EndProject
Project("{9A19103F-16F7-4668-BE54-9A1E7A4F7556}") = "DotNetro.Compiler", "DotNetro.Compiler\DotNetro.Compiler.csproj", "{0F40C41C-1DD2-49C6-B67C-07A398E007C4}"
EndProject
Project("{9A19103F-16F7-4668-BE54-9A1E7A4F7556}") = "DotNetro.Compiler.Tests", "DotNetro.Compiler.Tests\DotNetro.Compiler.Tests.csproj", "{EA96ABAB-3831-47BD-BFA1-E821B7E65EE0}"
EndProject
Project("{FAE04EC0-301F-11D3-BF4B-00C04F79EFBC}") = "DotNetro.Samples.HelloWorld", "DotNetro.Samples.HelloWorld\DotNetro.Samples.HelloWorld.csproj", "{7DA47685-B74A-4B18-9CC1-9636C4F72704}"
EndProject
Project("{FAE04EC0-301F-11D3-BF4B-00C04F79EFBC}") = "DotNetro.Compiler.Driver", "DotNetro.Compiler.Driver\DotNetro.Compiler.Driver.csproj", "{C0E682FA-5804-437B-8BD1-12191173C00B}"
EndProject
Global
	GlobalSection(SolutionConfigurationPlatforms) = preSolution
		Debug|Any CPU = Debug|Any CPU
		Release|Any CPU = Release|Any CPU
	EndGlobalSection
	GlobalSection(ProjectConfigurationPlatforms) = postSolution
		{64F920CA-2E2E-4C77-9E5D-301840A797BF}.Debug|Any CPU.ActiveCfg = Debug|Any CPU
		{64F920CA-2E2E-4C77-9E5D-301840A797BF}.Debug|Any CPU.Build.0 = Debug|Any CPU
		{64F920CA-2E2E-4C77-9E5D-301840A797BF}.Release|Any CPU.ActiveCfg = Release|Any CPU
		{64F920CA-2E2E-4C77-9E5D-301840A797BF}.Release|Any CPU.Build.0 = Release|Any CPU
		{0F40C41C-1DD2-49C6-B67C-07A398E007C4}.Debug|Any CPU.ActiveCfg = Debug|Any CPU
		{0F40C41C-1DD2-49C6-B67C-07A398E007C4}.Debug|Any CPU.Build.0 = Debug|Any CPU
		{0F40C41C-1DD2-49C6-B67C-07A398E007C4}.Release|Any CPU.ActiveCfg = Release|Any CPU
		{0F40C41C-1DD2-49C6-B67C-07A398E007C4}.Release|Any CPU.Build.0 = Release|Any CPU
		{EA96ABAB-3831-47BD-BFA1-E821B7E65EE0}.Debug|Any CPU.ActiveCfg = Debug|Any CPU
		{EA96ABAB-3831-47BD-BFA1-E821B7E65EE0}.Debug|Any CPU.Build.0 = Debug|Any CPU
		{EA96ABAB-3831-47BD-BFA1-E821B7E65EE0}.Release|Any CPU.ActiveCfg = Release|Any CPU
		{EA96ABAB-3831-47BD-BFA1-E821B7E65EE0}.Release|Any CPU.Build.0 = Release|Any CPU
		{7DA47685-B74A-4B18-9CC1-9636C4F72704}.Debug|Any CPU.ActiveCfg = Debug|Any CPU
		{7DA47685-B74A-4B18-9CC1-9636C4F72704}.Debug|Any CPU.Build.0 = Debug|Any CPU
		{7DA47685-B74A-4B18-9CC1-9636C4F72704}.Release|Any CPU.ActiveCfg = Release|Any CPU
		{7DA47685-B74A-4B18-9CC1-9636C4F72704}.Release|Any CPU.Build.0 = Release|Any CPU
		{C0E682FA-5804-437B-8BD1-12191173C00B}.Debug|Any CPU.ActiveCfg = Debug|Any CPU
		{C0E682FA-5804-437B-8BD1-12191173C00B}.Debug|Any CPU.Build.0 = Debug|Any CPU
		{C0E682FA-5804-437B-8BD1-12191173C00B}.Release|Any CPU.ActiveCfg = Release|Any CPU
		{C0E682FA-5804-437B-8BD1-12191173C00B}.Release|Any CPU.Build.0 = Release|Any CPU
	EndGlobalSection
	GlobalSection(SolutionProperties) = preSolution
		HideSolutionNode = FALSE
	EndGlobalSection
	GlobalSection(ExtensibilityGlobals) = postSolution
		SolutionGuid = {4B2B06F8-773D-4A1E-AE8B-581BED7587B9}
	EndGlobalSection
EndGlobal
